
Microsoft Visual Studio Solution File, Format Version 12.00
# Visual Studio Version 17
VisualStudioVersion = 17.6.33723.286
MinimumVisualStudioVersion = 10.0.40219.1
Project("{FAE04EC0-301F-11D3-BF4B-00C04F79EFBC}") = "Breakfast-Parallel", "Breakfast-Parallel\Breakfast-Parallel.csproj", "{C78C4481-C0B8-4253-A602-58B45BA167D1}"
EndProject
Global
	GlobalSection(SolutionConfigurationPlatforms) = preSolution
		Debug|Any CPU = Debug|Any CPU
		Release|Any CPU = Release|Any CPU
	EndGlobalSection
	GlobalSection(ProjectConfigurationPlatforms) = postSolution
		{C78C4481-C0B8-4253-A602-58B45BA167D1}.Debug|Any CPU.ActiveCfg = Debug|Any CPU
		{C78C4481-C0B8-4253-A602-58B45BA167D1}.Debug|Any CPU.Build.0 = Debug|Any CPU
		{C78C4481-C0B8-4253-A602-58B45BA167D1}.Release|Any CPU.ActiveCfg = Release|Any CPU
		{C78C4481-C0B8-4253-A602-58B45BA167D1}.Release|Any CPU.Build.0 = Release|Any CPU
	EndGlobalSection
	GlobalSection(SolutionProperties) = preSolution
		HideSolutionNode = FALSE
	EndGlobalSection
	GlobalSection(ExtensibilityGlobals) = postSolution
		SolutionGuid = {6A6BDDCE-6B30-4C1A-B94B-F22CDB0739B1}
	EndGlobalSection
EndGlobal
